# This file was autogenerated by Stack.
# You should not edit this file by hand.
# For more information, please see the documentation at:
#   https://docs.haskellstack.org/en/stable/lock_files

packages: []
snapshots:
- completed:
    size: 613126
    url: https://raw.githubusercontent.com/commercialhaskell/stackage-snapshots/master/nightly/2022/6/18.yaml
    sha256: fbe6493c7cf5d43c50e4c62e9e4cb777f2a4b72fb73f644b440797bb5d0a7170
  original: nightly-2022-06-18
